<?xml version="1.0" encoding="utf-8"?>
<Project ToolsVersion="4.0" xmlns="http://schemas.microsoft.com/developer/msbuild/2003">
  <ItemGroup>
    <Filter Include="Funtal">
      <UniqueIdentifier>{CF9FABB3-BB41-D689-A4FC-E9DD903D5DDA}</UniqueIdentifier>
    </Filter>
  </ItemGroup>
  <ItemGroup>
    <ClInclude Include="src\Funtal.h" />
    <ClInclude Include="src\Funtal\Application.h">
      <Filter>Funtal</Filter>
    </ClInclude>
    <ClInclude Include="src\Funtal\Core.h">
      <Filter>Funtal</Filter>
    </ClInclude>
    <ClInclude Include="src\Funtal\EntryPoint.h">
      <Filter>Funtal</Filter>
    </ClInclude>
    <ClInclude Include="src\Funtal\Log.h">
      <Filter>Funtal</Filter>
    </ClInclude>
    <ClInclude Include="src\Funtal\Events\Event.h" />
    <ClInclude Include="src\Funtal\Events\KeyEvent.h" />
    <ClInclude Include="src\Funtal\Events\MouseEvent.h" />
    <ClInclude Include="src\Funtal\Events\Application.h" />
  </ItemGroup>
  <ItemGroup>
    <ClCompile Include="src\Funtal\Application.cpp">
      <Filter>Funtal</Filter>
    </ClCompile>
    <ClCompile Include="src\Funtal\Log.cpp">
      <Filter>Funtal</Filter>
    </ClCompile>
  </ItemGroup>
</Project>